// !$*UTF8*$!
{
	archiveVersion = 1;
	classes = {
	};
	objectVersion = 55;
	objects = {

/* Begin PBXBuildFile section */
		956C51CBB8F7804D77FDCA49 /* Pods_NEMO_fourcut_map_ios.framework in Frameworks */ = {isa = PBXBuildFile; fileRef = 83F699E0D52B8D88D3B84492 /* Pods_NEMO_fourcut_map_ios.framework */; };
		E64EEF5028D9EC1300D16321 /* AppDelegate.swift in Sources */ = {isa = PBXBuildFile; fileRef = E64EEF4F28D9EC1300D16321 /* AppDelegate.swift */; };
		E64EEF5228D9EC1300D16321 /* SceneDelegate.swift in Sources */ = {isa = PBXBuildFile; fileRef = E64EEF5128D9EC1300D16321 /* SceneDelegate.swift */; };
		E64EEF5428D9EC1300D16321 /* ViewController.swift in Sources */ = {isa = PBXBuildFile; fileRef = E64EEF5328D9EC1300D16321 /* ViewController.swift */; };
		E64EEF5928D9EC1300D16321 /* Assets.xcassets in Resources */ = {isa = PBXBuildFile; fileRef = E64EEF5828D9EC1300D16321 /* Assets.xcassets */; };
		E64EEF5C28D9EC1300D16321 /* LaunchScreen.storyboard in Resources */ = {isa = PBXBuildFile; fileRef = E64EEF5A28D9EC1300D16321 /* LaunchScreen.storyboard */; };
/* End PBXBuildFile section */

/* Begin PBXFileReference section */
		1010DD97D2777E1E26EADC67 /* Pods-NEMO-fourcut-map-ios.debug.xcconfig */ = {isa = PBXFileReference; includeInIndex = 1; lastKnownFileType = text.xcconfig; name = "Pods-NEMO-fourcut-map-ios.debug.xcconfig"; path = "Target Support Files/Pods-NEMO-fourcut-map-ios/Pods-NEMO-fourcut-map-ios.debug.xcconfig"; sourceTree = "<group>"; };
		83F699E0D52B8D88D3B84492 /* Pods_NEMO_fourcut_map_ios.framework */ = {isa = PBXFileReference; explicitFileType = wrapper.framework; includeInIndex = 0; path = Pods_NEMO_fourcut_map_ios.framework; sourceTree = BUILT_PRODUCTS_DIR; };
		91C052221BBEB7CF66C2E070 /* Pods-NEMO-fourcut-map-ios.release.xcconfig */ = {isa = PBXFileReference; includeInIndex = 1; lastKnownFileType = text.xcconfig; name = "Pods-NEMO-fourcut-map-ios.release.xcconfig"; path = "Target Support Files/Pods-NEMO-fourcut-map-ios/Pods-NEMO-fourcut-map-ios.release.xcconfig"; sourceTree = "<group>"; };
		E64EEF4C28D9EC1300D16321 /* NEMO-fourcut-map-ios.app */ = {isa = PBXFileReference; explicitFileType = wrapper.application; includeInIndex = 0; path = "NEMO-fourcut-map-ios.app"; sourceTree = BUILT_PRODUCTS_DIR; };
		E64EEF4F28D9EC1300D16321 /* AppDelegate.swift */ = {isa = PBXFileReference; lastKnownFileType = sourcecode.swift; path = AppDelegate.swift; sourceTree = "<group>"; };
		E64EEF5128D9EC1300D16321 /* SceneDelegate.swift */ = {isa = PBXFileReference; lastKnownFileType = sourcecode.swift; path = SceneDelegate.swift; sourceTree = "<group>"; };
		E64EEF5328D9EC1300D16321 /* ViewController.swift */ = {isa = PBXFileReference; lastKnownFileType = sourcecode.swift; path = ViewController.swift; sourceTree = "<group>"; };
		E64EEF5828D9EC1300D16321 /* Assets.xcassets */ = {isa = PBXFileReference; lastKnownFileType = folder.assetcatalog; path = Assets.xcassets; sourceTree = "<group>"; };
		E64EEF5B28D9EC1300D16321 /* Base */ = {isa = PBXFileReference; lastKnownFileType = file.storyboard; name = Base; path = Base.lproj/LaunchScreen.storyboard; sourceTree = "<group>"; };
		E64EEF5D28D9EC1300D16321 /* Info.plist */ = {isa = PBXFileReference; lastKnownFileType = text.plist.xml; path = Info.plist; sourceTree = "<group>"; };
/* End PBXFileReference section */

/* Begin PBXFrameworksBuildPhase section */
		E64EEF4928D9EC1300D16321 /* Frameworks */ = {
			isa = PBXFrameworksBuildPhase;
			buildActionMask = 2147483647;
			files = (
				956C51CBB8F7804D77FDCA49 /* Pods_NEMO_fourcut_map_ios.framework in Frameworks */,
			);
			runOnlyForDeploymentPostprocessing = 0;
		};
/* End PBXFrameworksBuildPhase section */

/* Begin PBXGroup section */
		B2714520593BA7DE89497EAF /* Frameworks */ = {
			isa = PBXGroup;
			children = (
				83F699E0D52B8D88D3B84492 /* Pods_NEMO_fourcut_map_ios.framework */,
			);
			name = Frameworks;
			sourceTree = "<group>";
		};
		D37D427CD1E031B2AC443BE0 /* Pods */ = {
			isa = PBXGroup;
			children = (
				1010DD97D2777E1E26EADC67 /* Pods-NEMO-fourcut-map-ios.debug.xcconfig */,
				91C052221BBEB7CF66C2E070 /* Pods-NEMO-fourcut-map-ios.release.xcconfig */,
			);
			path = Pods;
			sourceTree = "<group>";
		};
		E64EEF4328D9EC1300D16321 = {
			isa = PBXGroup;
			children = (
				E64EEF4E28D9EC1300D16321 /* NEMO-fourcut-map-ios */,
				E64EEF4D28D9EC1300D16321 /* Products */,
				D37D427CD1E031B2AC443BE0 /* Pods */,
				B2714520593BA7DE89497EAF /* Frameworks */,
			);
			sourceTree = "<group>";
		};
		E64EEF4D28D9EC1300D16321 /* Products */ = {
			isa = PBXGroup;
			children = (
				E64EEF4C28D9EC1300D16321 /* NEMO-fourcut-map-ios.app */,
			);
			name = Products;
			sourceTree = "<group>";
		};
		E64EEF4E28D9EC1300D16321 /* NEMO-fourcut-map-ios */ = {
			isa = PBXGroup;
			children = (
				E64EEF4F28D9EC1300D16321 /* AppDelegate.swift */,
				E64EEF5128D9EC1300D16321 /* SceneDelegate.swift */,
				E64EEF5328D9EC1300D16321 /* ViewController.swift */,
				E64EEF5828D9EC1300D16321 /* Assets.xcassets */,
				E64EEF5A28D9EC1300D16321 /* LaunchScreen.storyboard */,
				E64EEF5D28D9EC1300D16321 /* Info.plist */,
			);
			path = "NEMO-fourcut-map-ios";
			sourceTree = "<group>";
		};
/* End PBXGroup section */

/* Begin PBXNativeTarget section */
		E64EEF4B28D9EC1300D16321 /* NEMO-fourcut-map-ios */ = {
			isa = PBXNativeTarget;
			buildConfigurationList = E64EEF6028D9EC1300D16321 /* Build configuration list for PBXNativeTarget "NEMO-fourcut-map-ios" */;
			buildPhases = (
				DED75E809F77A76B763B3200 /* [CP] Check Pods Manifest.lock */,
				E64EEF4828D9EC1300D16321 /* Sources */,
				E64EEF4928D9EC1300D16321 /* Frameworks */,
				E64EEF4A28D9EC1300D16321 /* Resources */,
				C76371EA5E359DEBAA4EE6A8 /* [CP] Embed Pods Frameworks */,
			);
			buildRules = (
			);
			dependencies = (
			);
			name = "NEMO-fourcut-map-ios";
			productName = "NEMO-fourcut-map-ios";
			productReference = E64EEF4C28D9EC1300D16321 /* NEMO-fourcut-map-ios.app */;
			productType = "com.apple.product-type.application";
		};
/* End PBXNativeTarget section */

/* Begin PBXProject section */
		E64EEF4428D9EC1300D16321 /* Project object */ = {
			isa = PBXProject;
			attributes = {
				BuildIndependentTargetsInParallel = 1;
				LastSwiftUpdateCheck = 1340;
				LastUpgradeCheck = 1340;
				TargetAttributes = {
					E64EEF4B28D9EC1300D16321 = {
						CreatedOnToolsVersion = 13.4.1;
					};
				};
			};
			buildConfigurationList = E64EEF4728D9EC1300D16321 /* Build configuration list for PBXProject "NEMO-fourcut-map-ios" */;
			compatibilityVersion = "Xcode 13.0";
			developmentRegion = en;
			hasScannedForEncodings = 0;
			knownRegions = (
				en,
				Base,
			);
			mainGroup = E64EEF4328D9EC1300D16321;
			productRefGroup = E64EEF4D28D9EC1300D16321 /* Products */;
			projectDirPath = "";
			projectRoot = "";
			targets = (
				E64EEF4B28D9EC1300D16321 /* NEMO-fourcut-map-ios */,
			);
		};
/* End PBXProject section */

/* Begin PBXResourcesBuildPhase section */
		E64EEF4A28D9EC1300D16321 /* Resources */ = {
			isa = PBXResourcesBuildPhase;
			buildActionMask = 2147483647;
			files = (
				E64EEF5C28D9EC1300D16321 /* LaunchScreen.storyboard in Resources */,
				E64EEF5928D9EC1300D16321 /* Assets.xcassets in Resources */,
			);
			runOnlyForDeploymentPostprocessing = 0;
		};
/* End PBXResourcesBuildPhase section */

/* Begin PBXShellScriptBuildPhase section */
		C76371EA5E359DEBAA4EE6A8 /* [CP] Embed Pods Frameworks */ = {
			isa = PBXShellScriptBuildPhase;
			buildActionMask = 2147483647;
			files = (
			);
			inputFileListPaths = (
				"${PODS_ROOT}/Target Support Files/Pods-NEMO-fourcut-map-ios/Pods-NEMO-fourcut-map-ios-frameworks-${CONFIGURATION}-input-files.xcfilelist",
			);
			name = "[CP] Embed Pods Frameworks";
			outputFileListPaths = (
				"${PODS_ROOT}/Target Support Files/Pods-NEMO-fourcut-map-ios/Pods-NEMO-fourcut-map-ios-frameworks-${CONFIGURATION}-output-files.xcfilelist",
			);
			runOnlyForDeploymentPostprocessing = 0;
			shellPath = /bin/sh;
			shellScript = "\"${PODS_ROOT}/Target Support Files/Pods-NEMO-fourcut-map-ios/Pods-NEMO-fourcut-map-ios-frameworks.sh\"\n";
			showEnvVarsInLog = 0;
		};
		DED75E809F77A76B763B3200 /* [CP] Check Pods Manifest.lock */ = {
			isa = PBXShellScriptBuildPhase;
			buildActionMask = 2147483647;
			files = (
			);
			inputFileListPaths = (
			);
			inputPaths = (
				"${PODS_PODFILE_DIR_PATH}/Podfile.lock",
				"${PODS_ROOT}/Manifest.lock",
			);
			name = "[CP] Check Pods Manifest.lock";
			outputFileListPaths = (
			);
			outputPaths = (
				"$(DERIVED_FILE_DIR)/Pods-NEMO-fourcut-map-ios-checkManifestLockResult.txt",
			);
			runOnlyForDeploymentPostprocessing = 0;
			shellPath = /bin/sh;
			shellScript = "diff \"${PODS_PODFILE_DIR_PATH}/Podfile.lock\" \"${PODS_ROOT}/Manifest.lock\" > /dev/null\nif [ $? != 0 ] ; then\n    # print error to STDERR\n    echo \"error: The sandbox is not in sync with the Podfile.lock. Run 'pod install' or update your CocoaPods installation.\" >&2\n    exit 1\nfi\n# This output is used by Xcode 'outputs' to avoid re-running this script phase.\necho \"SUCCESS\" > \"${SCRIPT_OUTPUT_FILE_0}\"\n";
			showEnvVarsInLog = 0;
		};
/* End PBXShellScriptBuildPhase section */

/* Begin PBXSourcesBuildPhase section */
		E64EEF4828D9EC1300D16321 /* Sources */ = {
			isa = PBXSourcesBuildPhase;
			buildActionMask = 2147483647;
			files = (
				E64EEF5428D9EC1300D16321 /* ViewController.swift in Sources */,
				E64EEF5028D9EC1300D16321 /* AppDelegate.swift in Sources */,
				E64EEF5228D9EC1300D16321 /* SceneDelegate.swift in Sources */,
			);
			runOnlyForDeploymentPostprocessing = 0;
		};
/* End PBXSourcesBuildPhase section */

/* Begin PBXVariantGroup section */
		E64EEF5A28D9EC1300D16321 /* LaunchScreen.storyboard */ = {
			isa = PBXVariantGroup;
			children = (
				E64EEF5B28D9EC1300D16321 /* Base */,
			);
			name = LaunchScreen.storyboard;
			sourceTree = "<group>";
		};
/* End PBXVariantGroup section */

/* Begin XCBuildConfiguration section */
		E64EEF5E28D9EC1300D16321 /* Debug */ = {
			isa = XCBuildConfiguration;
			buildSettings = {
				ALWAYS_SEARCH_USER_PATHS = NO;
				CLANG_ANALYZER_NONNULL = YES;
				CLANG_ANALYZER_NUMBER_OBJECT_CONVERSION = YES_AGGRESSIVE;
				CLANG_CXX_LANGUAGE_STANDARD = "gnu++17";
				CLANG_ENABLE_MODULES = YES;
				CLANG_ENABLE_OBJC_ARC = YES;
				CLANG_ENABLE_OBJC_WEAK = YES;
				CLANG_WARN_BLOCK_CAPTURE_AUTORELEASING = YES;
				CLANG_WARN_BOOL_CONVERSION = YES;
				CLANG_WARN_COMMA = YES;
				CLANG_WARN_CONSTANT_CONVERSION = YES;
				CLANG_WARN_DEPRECATED_OBJC_IMPLEMENTATIONS = YES;
				CLANG_WARN_DIRECT_OBJC_ISA_USAGE = YES_ERROR;
				CLANG_WARN_DOCUMENTATION_COMMENTS = YES;
				CLANG_WARN_EMPTY_BODY = YES;
				CLANG_WARN_ENUM_CONVERSION = YES;
				CLANG_WARN_INFINITE_RECURSION = YES;
				CLANG_WARN_INT_CONVERSION = YES;
				CLANG_WARN_NON_LITERAL_NULL_CONVERSION = YES;
				CLANG_WARN_OBJC_IMPLICIT_RETAIN_SELF = YES;
				CLANG_WARN_OBJC_LITERAL_CONVERSION = YES;
				CLANG_WARN_OBJC_ROOT_CLASS = YES_ERROR;
				CLANG_WARN_QUOTED_INCLUDE_IN_FRAMEWORK_HEADER = YES;
				CLANG_WARN_RANGE_LOOP_ANALYSIS = YES;
				CLANG_WARN_STRICT_PROTOTYPES = YES;
				CLANG_WARN_SUSPICIOUS_MOVE = YES;
				CLANG_WARN_UNGUARDED_AVAILABILITY = YES_AGGRESSIVE;
				CLANG_WARN_UNREACHABLE_CODE = YES;
				CLANG_WARN__DUPLICATE_METHOD_MATCH = YES;
				COPY_PHASE_STRIP = NO;
				DEBUG_INFORMATION_FORMAT = dwarf;
				ENABLE_STRICT_OBJC_MSGSEND = YES;
				ENABLE_TESTABILITY = YES;
				GCC_C_LANGUAGE_STANDARD = gnu11;
				GCC_DYNAMIC_NO_PIC = NO;
				GCC_NO_COMMON_BLOCKS = YES;
				GCC_OPTIMIZATION_LEVEL = 0;
				GCC_PREPROCESSOR_DEFINITIONS = (
					"DEBUG=1",
					"$(inherited)",
				);
				GCC_WARN_64_TO_32_BIT_CONVERSION = YES;
				GCC_WARN_ABOUT_RETURN_TYPE = YES_ERROR;
				GCC_WARN_UNDECLARED_SELECTOR = YES;
				GCC_WARN_UNINITIALIZED_AUTOS = YES_AGGRESSIVE;
				GCC_WARN_UNUSED_FUNCTION = YES;
				GCC_WARN_UNUSED_VARIABLE = YES;
				IPHONEOS_DEPLOYMENT_TARGET = 15.5;
				MTL_ENABLE_DEBUG_INFO = INCLUDE_SOURCE;
				MTL_FAST_MATH = YES;
				ONLY_ACTIVE_ARCH = YES;
				SDKROOT = iphoneos;
				SWIFT_ACTIVE_COMPILATION_CONDITIONS = DEBUG;
				SWIFT_OPTIMIZATION_LEVEL = "-Onone";
			};
			name = Debug;
		};
		E64EEF5F28D9EC1300D16321 /* Release */ = {
			isa = XCBuildConfiguration;
			buildSettings = {
				ALWAYS_SEARCH_USER_PATHS = NO;
				CLANG_ANALYZER_NONNULL = YES;
				CLANG_ANALYZER_NUMBER_OBJECT_CONVERSION = YES_AGGRESSIVE;
				CLANG_CXX_LANGUAGE_STANDARD = "gnu++17";
				CLANG_ENABLE_MODULES = YES;
				CLANG_ENABLE_OBJC_ARC = YES;
				CLANG_ENABLE_OBJC_WEAK = YES;
				CLANG_WARN_BLOCK_CAPTURE_AUTORELEASING = YES;
				CLANG_WARN_BOOL_CONVERSION = YES;
				CLANG_WARN_COMMA = YES;
				CLANG_WARN_CONSTANT_CONVERSION = YES;
				CLANG_WARN_DEPRECATED_OBJC_IMPLEMENTATIONS = YES;
				CLANG_WARN_DIRECT_OBJC_ISA_USAGE = YES_ERROR;
				CLANG_WARN_DOCUMENTATION_COMMENTS = YES;
				CLANG_WARN_EMPTY_BODY = YES;
				CLANG_WARN_ENUM_CONVERSION = YES;
				CLANG_WARN_INFINITE_RECURSION = YES;
				CLANG_WARN_INT_CONVERSION = YES;
				CLANG_WARN_NON_LITERAL_NULL_CONVERSION = YES;
				CLANG_WARN_OBJC_IMPLICIT_RETAIN_SELF = YES;
				CLANG_WARN_OBJC_LITERAL_CONVERSION = YES;
				CLANG_WARN_OBJC_ROOT_CLASS = YES_ERROR;
				CLANG_WARN_QUOTED_INCLUDE_IN_FRAMEWORK_HEADER = YES;
				CLANG_WARN_RANGE_LOOP_ANALYSIS = YES;
				CLANG_WARN_STRICT_PROTOTYPES = YES;
				CLANG_WARN_SUSPICIOUS_MOVE = YES;
				CLANG_WARN_UNGUARDED_AVAILABILITY = YES_AGGRESSIVE;
				CLANG_WARN_UNREACHABLE_CODE = YES;
				CLANG_WARN__DUPLICATE_METHOD_MATCH = YES;
				COPY_PHASE_STRIP = NO;
				DEBUG_INFORMATION_FORMAT = "dwarf-with-dsym";
				ENABLE_NS_ASSERTIONS = NO;
				ENABLE_STRICT_OBJC_MSGSEND = YES;
				GCC_C_LANGUAGE_STANDARD = gnu11;
				GCC_NO_COMMON_BLOCKS = YES;
				GCC_WARN_64_TO_32_BIT_CONVERSION = YES;
				GCC_WARN_ABOUT_RETURN_TYPE = YES_ERROR;
				GCC_WARN_UNDECLARED_SELECTOR = YES;
				GCC_WARN_UNINITIALIZED_AUTOS = YES_AGGRESSIVE;
				GCC_WARN_UNUSED_FUNCTION = YES;
				GCC_WARN_UNUSED_VARIABLE = YES;
				IPHONEOS_DEPLOYMENT_TARGET = 15.5;
				MTL_ENABLE_DEBUG_INFO = NO;
				MTL_FAST_MATH = YES;
				SDKROOT = iphoneos;
				SWIFT_COMPILATION_MODE = wholemodule;
				SWIFT_OPTIMIZATION_LEVEL = "-O";
				VALIDATE_PRODUCT = YES;
			};
			name = Release;
		};
		E64EEF6128D9EC1300D16321 /* Debug */ = {
			isa = XCBuildConfiguration;
			baseConfigurationReference = 1010DD97D2777E1E26EADC67 /* Pods-NEMO-fourcut-map-ios.debug.xcconfig */;
			buildSettings = {
				ASSETCATALOG_COMPILER_APPICON_NAME = AppIcon;
				ASSETCATALOG_COMPILER_GLOBAL_ACCENT_COLOR_NAME = AccentColor;
				CODE_SIGN_STYLE = Automatic;
				CURRENT_PROJECT_VERSION = 1;
				DEVELOPMENT_TEAM = 953VJTV7TA;
				GENERATE_INFOPLIST_FILE = YES;
				INFOPLIST_FILE = "NEMO-fourcut-map-ios/Info.plist";
				INFOPLIST_KEY_UIApplicationSupportsIndirectInputEvents = YES;
				INFOPLIST_KEY_UILaunchStoryboardName = LaunchScreen;
				INFOPLIST_KEY_UISupportedInterfaceOrientations_iPad = "UIInterfaceOrientationPortrait UIInterfaceOrientationPortraitUpsideDown UIInterfaceOrientationLandscapeLeft UIInterfaceOrientationLandscapeRight";
				INFOPLIST_KEY_UISupportedInterfaceOrientations_iPhone = "UIInterfaceOrientationPortrait UIInterfaceOrientationLandscapeLeft UIInterfaceOrientationLandscapeRight";
				LD_RUNPATH_SEARCH_PATHS = (
					"$(inherited)",
					"@executable_path/Frameworks",
				);
				MARKETING_VERSION = 1.0;
				PRODUCT_BUNDLE_IDENTIFIER = "com.raymond.Workshop.NEMO-fourcut-map-ios";
				PRODUCT_NAME = "$(TARGET_NAME)";
				SWIFT_EMIT_LOC_STRINGS = YES;
				SWIFT_VERSION = 5.0;
				TARGETED_DEVICE_FAMILY = "1,2";
			};
			name = Debug;
		};
		E64EEF6228D9EC1300D16321 /* Release */ = {
			isa = XCBuildConfiguration;
			baseConfigurationReference = 91C052221BBEB7CF66C2E070 /* Pods-NEMO-fourcut-map-ios.release.xcconfig */;
			buildSettings = {
				ASSETCATALOG_COMPILER_APPICON_NAME = AppIcon;
				ASSETCATALOG_COMPILER_GLOBAL_ACCENT_COLOR_NAME = AccentColor;
				CODE_SIGN_STYLE = Automatic;
				CURRENT_PROJECT_VERSION = 1;
				DEVELOPMENT_TEAM = 953VJTV7TA;
				GENERATE_INFOPLIST_FILE = YES;
				INFOPLIST_FILE = "NEMO-fourcut-map-ios/Info.plist";
				INFOPLIST_KEY_UIApplicationSupportsIndirectInputEvents = YES;
				INFOPLIST_KEY_UILaunchStoryboardName = LaunchScreen;
				INFOPLIST_KEY_UISupportedInterfaceOrientations_iPad = "UIInterfaceOrientationPortrait UIInterfaceOrientationPortraitUpsideDown UIInterfaceOrientationLandscapeLeft UIInterfaceOrientationLandscapeRight";
				INFOPLIST_KEY_UISupportedInterfaceOrientations_iPhone = "UIInterfaceOrientationPortrait UIInterfaceOrientationLandscapeLeft UIInterfaceOrientationLandscapeRight";
				LD_RUNPATH_SEARCH_PATHS = (
					"$(inherited)",
					"@executable_path/Frameworks",
				);
				MARKETING_VERSION = 1.0;
				PRODUCT_BUNDLE_IDENTIFIER = "com.raymond.Workshop.NEMO-fourcut-map-ios";
				PRODUCT_NAME = "$(TARGET_NAME)";
				SWIFT_EMIT_LOC_STRINGS = YES;
				SWIFT_VERSION = 5.0;
				TARGETED_DEVICE_FAMILY = "1,2";
			};
			name = Release;
		};
/* End XCBuildConfiguration section */

/* Begin XCConfigurationList section */
		E64EEF4728D9EC1300D16321 /* Build configuration list for PBXProject "NEMO-fourcut-map-ios" */ = {
			isa = XCConfigurationList;
			buildConfigurations = (
				E64EEF5E28D9EC1300D16321 /* Debug */,
				E64EEF5F28D9EC1300D16321 /* Release */,
			);
			defaultConfigurationIsVisible = 0;
			defaultConfigurationName = Release;
		};
		E64EEF6028D9EC1300D16321 /* Build configuration list for PBXNativeTarget "NEMO-fourcut-map-ios" */ = {
			isa = XCConfigurationList;
			buildConfigurations = (
				E64EEF6128D9EC1300D16321 /* Debug */,
				E64EEF6228D9EC1300D16321 /* Release */,
			);
			defaultConfigurationIsVisible = 0;
			defaultConfigurationName = Release;
		};
/* End XCConfigurationList section */
	};
	rootObject = E64EEF4428D9EC1300D16321 /* Project object */;
}
